
Microsoft Visual Studio Solution File, Format Version 12.00
# Visual Studio Version 17
VisualStudioVersion = 17.8.34511.84
MinimumVisualStudioVersion = 10.0.40219.1
Project("{9A19103F-16F7-4668-BE54-9A1E7A4F7556}") = "redb.WebApp", "redb.WebApp\redb.WebApp.csproj", "{53DAE961-4DD5-4A29-B96B-932239E3249F}"
EndProject
Project("{9A19103F-16F7-4668-BE54-9A1E7A4F7556}") = "redb.Core", "redb.Core\redb.Core.csproj", "{C1E4153D-3F6E-4ADC-933A-1246C29CEF36}"
EndProject
Project("{9A19103F-16F7-4668-BE54-9A1E7A4F7556}") = "redb.Core.SQLite", "redb.Core.SQLite\redb.Core.SQLite.csproj", "{825F9A55-20B9-4CBE-8ED4-8914C501C2FF}"
EndProject
Project("{FAE04EC0-301F-11D3-BF4B-00C04F79EFBC}") = "redb.Core.MSSql", "redb.Core.MSSql\redb.Core.MSSql.csproj", "{76CEAD36-EA8A-47DC-A77D-91810243B59A}"
EndProject
Global
	GlobalSection(SolutionConfigurationPlatforms) = preSolution
		Debug|Any CPU = Debug|Any CPU
		Release|Any CPU = Release|Any CPU
	EndGlobalSection
	GlobalSection(ProjectConfigurationPlatforms) = postSolution
		{53DAE961-4DD5-4A29-B96B-932239E3249F}.Debug|Any CPU.ActiveCfg = Debug|Any CPU
		{53DAE961-4DD5-4A29-B96B-932239E3249F}.Debug|Any CPU.Build.0 = Debug|Any CPU
		{53DAE961-4DD5-4A29-B96B-932239E3249F}.Release|Any CPU.ActiveCfg = Release|Any CPU
		{53DAE961-4DD5-4A29-B96B-932239E3249F}.Release|Any CPU.Build.0 = Release|Any CPU
		{C1E4153D-3F6E-4ADC-933A-1246C29CEF36}.Debug|Any CPU.ActiveCfg = Debug|Any CPU
		{C1E4153D-3F6E-4ADC-933A-1246C29CEF36}.Debug|Any CPU.Build.0 = Debug|Any CPU
		{C1E4153D-3F6E-4ADC-933A-1246C29CEF36}.Release|Any CPU.ActiveCfg = Release|Any CPU
		{C1E4153D-3F6E-4ADC-933A-1246C29CEF36}.Release|Any CPU.Build.0 = Release|Any CPU
		{825F9A55-20B9-4CBE-8ED4-8914C501C2FF}.Debug|Any CPU.ActiveCfg = Debug|Any CPU
		{825F9A55-20B9-4CBE-8ED4-8914C501C2FF}.Debug|Any CPU.Build.0 = Debug|Any CPU
		{825F9A55-20B9-4CBE-8ED4-8914C501C2FF}.Release|Any CPU.ActiveCfg = Release|Any CPU
		{825F9A55-20B9-4CBE-8ED4-8914C501C2FF}.Release|Any CPU.Build.0 = Release|Any CPU
		{76CEAD36-EA8A-47DC-A77D-91810243B59A}.Debug|Any CPU.ActiveCfg = Debug|Any CPU
		{76CEAD36-EA8A-47DC-A77D-91810243B59A}.Debug|Any CPU.Build.0 = Debug|Any CPU
		{76CEAD36-EA8A-47DC-A77D-91810243B59A}.Release|Any CPU.ActiveCfg = Release|Any CPU
		{76CEAD36-EA8A-47DC-A77D-91810243B59A}.Release|Any CPU.Build.0 = Release|Any CPU
	EndGlobalSection
	GlobalSection(SolutionProperties) = preSolution
		HideSolutionNode = FALSE
	EndGlobalSection
	GlobalSection(ExtensibilityGlobals) = postSolution
		SolutionGuid = {E4A1B632-6C78-4A0E-BB6F-D64B3CCEAC67}
	EndGlobalSection
EndGlobal
